# This file is automatically @generated by Cargo.
# It is not intended for manual editing.
version = 3

[[package]]
name = "bit-set"
version = "0.5.3"
source = "registry+https://github.com/rust-lang/crates.io-index"
checksum = "0700ddab506f33b20a03b13996eccd309a48e5ff77d0d95926aa0210fb4e95f1"
dependencies = [
 "bit-vec",
]

[[package]]
name = "bit-vec"
version = "0.6.3"
source = "registry+https://github.com/rust-lang/crates.io-index"
checksum = "349f9b6a179ed607305526ca489b34ad0a41aed5f7980fa90eb03160b69598fb"

[[package]]
name = "lalr"
version = "0.0.2"
source = "registry+https://github.com/rust-lang/crates.io-index"
checksum = "106d7548f95adbe3019b4fc4954554d7b72535867aa9ce326d2f766b68958de7"

[[package]]
name = "plex"
version = "0.3.1"
source = "registry+https://github.com/rust-lang/crates.io-index"
checksum = "7d8fc09f81816d9530a29fc1a879c7b4a6b94c3a50bb9d5626a58ae15ca34360"
dependencies = [
 "lalr",
 "proc-macro2",
 "quote",
 "redfa",
 "syn",
]

[[package]]
name = "proc-macro2"
version = "1.0.86"
source = "registry+https://github.com/rust-lang/crates.io-index"
checksum = "5e719e8df665df0d1c8fbfd238015744736151d4445ec0836b8e628aae103b77"
dependencies = [
 "unicode-ident",
]

[[package]]
name = "quote"
version = "1.0.37"
source = "registry+https://github.com/rust-lang/crates.io-index"
checksum = "b5b9d34b8991d19d98081b46eacdd8eb58c6f2b201139f7c5f643cc155a633af"
dependencies = [
 "proc-macro2",
]

[[package]]
name = "redfa"
version = "0.0.3"
source = "registry+https://github.com/rust-lang/crates.io-index"
checksum = "ba41b4ee12e29433820b330c8ac41d2f01390be8a8ef8ac59ed2b8edeaa7857e"
dependencies = [
 "bit-set",
]

[[package]]
name = "rustdown"
version = "0.1.0"
dependencies = [
 "plex",
]

[[package]]
name = "syn"
version = "2.0.76"
source = "registry+https://github.com/rust-lang/crates.io-index"
checksum = "578e081a14e0cefc3279b0472138c513f37b41a08d5a3cca9b6e4e8ceb6cd525"
dependencies = [
 "proc-macro2",
 "quote",
 "unicode-ident",
]

[[package]]
name = "unicode-ident"
version = "1.0.12"
source = "registry+https://github.com/rust-lang/crates.io-index"
checksum = "3354b9ac3fae1ff6755cb6db53683adb661634f67557942dea4facebec0fee4b"
